
Microsoft Visual Studio Solution File, Format Version 12.00
# Visual Studio Version 16
VisualStudioVersion = 16.0.31205.134
MinimumVisualStudioVersion = 10.0.40219.1
Project("{FAE04EC0-301F-11D3-BF4B-00C04F79EFBC}") = "SwitchAndTernary", "SwitchAndTernary.csproj", "{12AF7E5E-40B1-47C3-9E50-D922F9D8843C}"
EndProject
Global
	GlobalSection(SolutionConfigurationPlatforms) = preSolution
		Debug|Any CPU = Debug|Any CPU
		Release|Any CPU = Release|Any CPU
	EndGlobalSection
	GlobalSection(ProjectConfigurationPlatforms) = postSolution
		{12AF7E5E-40B1-47C3-9E50-D922F9D8843C}.Debug|Any CPU.ActiveCfg = Debug|Any CPU
		{12AF7E5E-40B1-47C3-9E50-D922F9D8843C}.Debug|Any CPU.Build.0 = Debug|Any CPU
		{12AF7E5E-40B1-47C3-9E50-D922F9D8843C}.Release|Any CPU.ActiveCfg = Release|Any CPU
		{12AF7E5E-40B1-47C3-9E50-D922F9D8843C}.Release|Any CPU.Build.0 = Release|Any CPU
	EndGlobalSection
	GlobalSection(SolutionProperties) = preSolution
		HideSolutionNode = FALSE
	EndGlobalSection
	GlobalSection(ExtensibilityGlobals) = postSolution
		SolutionGuid = {151D61F7-0A2F-451C-92BC-7C4E57229E39}
	EndGlobalSection
EndGlobal
